// !$*UTF8*$!
{
	archiveVersion = 1;
	classes = {
	};
	objectVersion = 77;
	objects = {

/* Begin PBXBuildFile section */
		CDA7DCCD2CF0930A003AF17A /* .gitignore in Resources */ = {isa = PBXBuildFile; fileRef = CDA7DCCC2CF09304003AF17A /* .gitignore */; };
		CDA7DCCF2CF0945C003AF17A /* README.md in Resources */ = {isa = PBXBuildFile; fileRef = CDA7DCCE2CF09453003AF17A /* README.md */; };
/* End PBXBuildFile section */

/* Begin PBXContainerItemProxy section */
		CDA7DCAE2CF092E5003AF17A /* PBXContainerItemProxy */ = {
			isa = PBXContainerItemProxy;
			containerPortal = CDA7DC942CF092E4003AF17A /* Project object */;
			proxyType = 1;
			remoteGlobalIDString = CDA7DC9B2CF092E4003AF17A;
			remoteInfo = Cazh;
		};
		CDA7DCB82CF092E5003AF17A /* PBXContainerItemProxy */ = {
			isa = PBXContainerItemProxy;
			containerPortal = CDA7DC942CF092E4003AF17A /* Project object */;
			proxyType = 1;
			remoteGlobalIDString = CDA7DC9B2CF092E4003AF17A;
			remoteInfo = Cazh;
		};
/* End PBXContainerItemProxy section */

/* Begin PBXFileReference section */
		CDA7DC9C2CF092E4003AF17A /* Cazh.app */ = {isa = PBXFileReference; explicitFileType = wrapper.application; includeInIndex = 0; path = Cazh.app; sourceTree = BUILT_PRODUCTS_DIR; };
		CDA7DCAD2CF092E5003AF17A /* CazhTests.xctest */ = {isa = PBXFileReference; explicitFileType = wrapper.cfbundle; includeInIndex = 0; path = CazhTests.xctest; sourceTree = BUILT_PRODUCTS_DIR; };
		CDA7DCB72CF092E5003AF17A /* CazhUITests.xctest */ = {isa = PBXFileReference; explicitFileType = wrapper.cfbundle; includeInIndex = 0; path = CazhUITests.xctest; sourceTree = BUILT_PRODUCTS_DIR; };
		CDA7DCCC2CF09304003AF17A /* .gitignore */ = {isa = PBXFileReference; lastKnownFileType = text; path = .gitignore; sourceTree = "<group>"; };
		CDA7DCCE2CF09453003AF17A /* README.md */ = {isa = PBXFileReference; lastKnownFileType = net.daringfireball.markdown; path = README.md; sourceTree = "<group>"; };
/* End PBXFileReference section */

/* Begin PBXFileSystemSynchronizedRootGroup section */
		CDA7DC9E2CF092E4003AF17A /* Cazh */ = {
			isa = PBXFileSystemSynchronizedRootGroup;
			path = Cazh;
			sourceTree = "<group>";
		};
		CDA7DCB02CF092E5003AF17A /* CazhTests */ = {
			isa = PBXFileSystemSynchronizedRootGroup;
			path = CazhTests;
			sourceTree = "<group>";
		};
		CDA7DCBA2CF092E5003AF17A /* CazhUITests */ = {
			isa = PBXFileSystemSynchronizedRootGroup;
			path = CazhUITests;
			sourceTree = "<group>";
		};
/* End PBXFileSystemSynchronizedRootGroup section */

/* Begin PBXFrameworksBuildPhase section */
		CDA7DC992CF092E4003AF17A /* Frameworks */ = {
			isa = PBXFrameworksBuildPhase;
			buildActionMask = 2147483647;
			files = (
			);
			runOnlyForDeploymentPostprocessing = 0;
		};
		CDA7DCAA2CF092E5003AF17A /* Frameworks */ = {
			isa = PBXFrameworksBuildPhase;
			buildActionMask = 2147483647;
			files = (
			);
			runOnlyForDeploymentPostprocessing = 0;
		};
		CDA7DCB42CF092E5003AF17A /* Frameworks */ = {
			isa = PBXFrameworksBuildPhase;
			buildActionMask = 2147483647;
			files = (
			);
			runOnlyForDeploymentPostprocessing = 0;
		};
/* End PBXFrameworksBuildPhase section */

/* Begin PBXGroup section */
		CDA7DC932CF092E4003AF17A = {
			isa = PBXGroup;
			children = (
				CDA7DCCE2CF09453003AF17A /* README.md */,
				CDA7DCCC2CF09304003AF17A /* .gitignore */,
				CDA7DC9E2CF092E4003AF17A /* Cazh */,
				CDA7DCB02CF092E5003AF17A /* CazhTests */,
				CDA7DCBA2CF092E5003AF17A /* CazhUITests */,
				CDA7DC9D2CF092E4003AF17A /* Products */,
			);
			sourceTree = "<group>";
		};
		CDA7DC9D2CF092E4003AF17A /* Products */ = {
			isa = PBXGroup;
			children = (
				CDA7DC9C2CF092E4003AF17A /* Cazh.app */,
				CDA7DCAD2CF092E5003AF17A /* CazhTests.xctest */,
				CDA7DCB72CF092E5003AF17A /* CazhUITests.xctest */,
			);
			name = Products;
			sourceTree = "<group>";
		};
/* End PBXGroup section */

/* Begin PBXNativeTarget section */
		CDA7DC9B2CF092E4003AF17A /* Cazh */ = {
			isa = PBXNativeTarget;
			buildConfigurationList = CDA7DCC12CF092E5003AF17A /* Build configuration list for PBXNativeTarget "Cazh" */;
			buildPhases = (
				CDA7DC982CF092E4003AF17A /* Sources */,
				CDA7DC992CF092E4003AF17A /* Frameworks */,
				CDA7DC9A2CF092E4003AF17A /* Resources */,
			);
			buildRules = (
			);
			dependencies = (
			);
			fileSystemSynchronizedGroups = (
				CDA7DC9E2CF092E4003AF17A /* Cazh */,
			);
			name = Cazh;
			packageProductDependencies = (
			);
			productName = Cazh;
			productReference = CDA7DC9C2CF092E4003AF17A /* Cazh.app */;
			productType = "com.apple.product-type.application";
		};
		CDA7DCAC2CF092E5003AF17A /* CazhTests */ = {
			isa = PBXNativeTarget;
			buildConfigurationList = CDA7DCC42CF092E5003AF17A /* Build configuration list for PBXNativeTarget "CazhTests" */;
			buildPhases = (
				CDA7DCA92CF092E5003AF17A /* Sources */,
				CDA7DCAA2CF092E5003AF17A /* Frameworks */,
				CDA7DCAB2CF092E5003AF17A /* Resources */,
			);
			buildRules = (
			);
			dependencies = (
				CDA7DCAF2CF092E5003AF17A /* PBXTargetDependency */,
			);
			fileSystemSynchronizedGroups = (
				CDA7DCB02CF092E5003AF17A /* CazhTests */,
			);
			name = CazhTests;
			packageProductDependencies = (
			);
			productName = CazhTests;
			productReference = CDA7DCAD2CF092E5003AF17A /* CazhTests.xctest */;
			productType = "com.apple.product-type.bundle.unit-test";
		};
		CDA7DCB62CF092E5003AF17A /* CazhUITests */ = {
			isa = PBXNativeTarget;
			buildConfigurationList = CDA7DCC72CF092E5003AF17A /* Build configuration list for PBXNativeTarget "CazhUITests" */;
			buildPhases = (
				CDA7DCB32CF092E5003AF17A /* Sources */,
				CDA7DCB42CF092E5003AF17A /* Frameworks */,
				CDA7DCB52CF092E5003AF17A /* Resources */,
			);
			buildRules = (
			);
			dependencies = (
				CDA7DCB92CF092E5003AF17A /* PBXTargetDependency */,
			);
			fileSystemSynchronizedGroups = (
				CDA7DCBA2CF092E5003AF17A /* CazhUITests */,
			);
			name = CazhUITests;
			packageProductDependencies = (
			);
			productName = CazhUITests;
			productReference = CDA7DCB72CF092E5003AF17A /* CazhUITests.xctest */;
			productType = "com.apple.product-type.bundle.ui-testing";
		};
/* End PBXNativeTarget section */

/* Begin PBXProject section */
		CDA7DC942CF092E4003AF17A /* Project object */ = {
			isa = PBXProject;
			attributes = {
				BuildIndependentTargetsInParallel = 1;
				LastSwiftUpdateCheck = 1610;
				LastUpgradeCheck = 1610;
				TargetAttributes = {
					CDA7DC9B2CF092E4003AF17A = {
						CreatedOnToolsVersion = 16.1;
					};
					CDA7DCAC2CF092E5003AF17A = {
						CreatedOnToolsVersion = 16.1;
						TestTargetID = CDA7DC9B2CF092E4003AF17A;
					};
					CDA7DCB62CF092E5003AF17A = {
						CreatedOnToolsVersion = 16.1;
						TestTargetID = CDA7DC9B2CF092E4003AF17A;
					};
				};
			};
			buildConfigurationList = CDA7DC972CF092E4003AF17A /* Build configuration list for PBXProject "Cazh" */;
			developmentRegion = en;
			hasScannedForEncodings = 0;
			knownRegions = (
				en,
				Base,
			);
			mainGroup = CDA7DC932CF092E4003AF17A;
			minimizedProjectReferenceProxies = 1;
			preferredProjectObjectVersion = 77;
			productRefGroup = CDA7DC9D2CF092E4003AF17A /* Products */;
			projectDirPath = "";
			projectRoot = "";
			targets = (
				CDA7DC9B2CF092E4003AF17A /* Cazh */,
				CDA7DCAC2CF092E5003AF17A /* CazhTests */,
				CDA7DCB62CF092E5003AF17A /* CazhUITests */,
			);
		};
/* End PBXProject section */

/* Begin PBXResourcesBuildPhase section */
		CDA7DC9A2CF092E4003AF17A /* Resources */ = {
			isa = PBXResourcesBuildPhase;
			buildActionMask = 2147483647;
			files = (
				CDA7DCCD2CF0930A003AF17A /* .gitignore in Resources */,
				CDA7DCCF2CF0945C003AF17A /* README.md in Resources */,
			);
			runOnlyForDeploymentPostprocessing = 0;
		};
		CDA7DCAB2CF092E5003AF17A /* Resources */ = {
			isa = PBXResourcesBuildPhase;
			buildActionMask = 2147483647;
			files = (
			);
			runOnlyForDeploymentPostprocessing = 0;
		};
		CDA7DCB52CF092E5003AF17A /* Resources */ = {
			isa = PBXResourcesBuildPhase;
			buildActionMask = 2147483647;
			files = (
			);
			runOnlyForDeploymentPostprocessing = 0;
		};
/* End PBXResourcesBuildPhase section */

/* Begin PBXSourcesBuildPhase section */
		CDA7DC982CF092E4003AF17A /* Sources */ = {
			isa = PBXSourcesBuildPhase;
			buildActionMask = 2147483647;
			files = (
			);
			runOnlyForDeploymentPostprocessing = 0;
		};
		CDA7DCA92CF092E5003AF17A /* Sources */ = {
			isa = PBXSourcesBuildPhase;
			buildActionMask = 2147483647;
			files = (
			);
			runOnlyForDeploymentPostprocessing = 0;
		};
		CDA7DCB32CF092E5003AF17A /* Sources */ = {
			isa = PBXSourcesBuildPhase;
			buildActionMask = 2147483647;
			files = (
			);
			runOnlyForDeploymentPostprocessing = 0;
		};
/* End PBXSourcesBuildPhase section */

/* Begin PBXTargetDependency section */
		CDA7DCAF2CF092E5003AF17A /* PBXTargetDependency */ = {
			isa = PBXTargetDependency;
			target = CDA7DC9B2CF092E4003AF17A /* Cazh */;
			targetProxy = CDA7DCAE2CF092E5003AF17A /* PBXContainerItemProxy */;
		};
		CDA7DCB92CF092E5003AF17A /* PBXTargetDependency */ = {
			isa = PBXTargetDependency;
			target = CDA7DC9B2CF092E4003AF17A /* Cazh */;
			targetProxy = CDA7DCB82CF092E5003AF17A /* PBXContainerItemProxy */;
		};
/* End PBXTargetDependency section */

/* Begin XCBuildConfiguration section */
		CDA7DCBF2CF092E5003AF17A /* Debug */ = {
			isa = XCBuildConfiguration;
			buildSettings = {
				ALWAYS_SEARCH_USER_PATHS = NO;
				ASSETCATALOG_COMPILER_GENERATE_SWIFT_ASSET_SYMBOL_EXTENSIONS = YES;
				CLANG_ANALYZER_NONNULL = YES;
				CLANG_ANALYZER_NUMBER_OBJECT_CONVERSION = YES_AGGRESSIVE;
				CLANG_CXX_LANGUAGE_STANDARD = "gnu++20";
				CLANG_ENABLE_MODULES = YES;
				CLANG_ENABLE_OBJC_ARC = YES;
				CLANG_ENABLE_OBJC_WEAK = YES;
				CLANG_WARN_BLOCK_CAPTURE_AUTORELEASING = YES;
				CLANG_WARN_BOOL_CONVERSION = YES;
				CLANG_WARN_COMMA = YES;
				CLANG_WARN_CONSTANT_CONVERSION = YES;
				CLANG_WARN_DEPRECATED_OBJC_IMPLEMENTATIONS = YES;
				CLANG_WARN_DIRECT_OBJC_ISA_USAGE = YES_ERROR;
				CLANG_WARN_DOCUMENTATION_COMMENTS = YES;
				CLANG_WARN_EMPTY_BODY = YES;
				CLANG_WARN_ENUM_CONVERSION = YES;
				CLANG_WARN_INFINITE_RECURSION = YES;
				CLANG_WARN_INT_CONVERSION = YES;
				CLANG_WARN_NON_LITERAL_NULL_CONVERSION = YES;
				CLANG_WARN_OBJC_IMPLICIT_RETAIN_SELF = YES;
				CLANG_WARN_OBJC_LITERAL_CONVERSION = YES;
				CLANG_WARN_OBJC_ROOT_CLASS = YES_ERROR;
				CLANG_WARN_QUOTED_INCLUDE_IN_FRAMEWORK_HEADER = YES;
				CLANG_WARN_RANGE_LOOP_ANALYSIS = YES;
				CLANG_WARN_STRICT_PROTOTYPES = YES;
				CLANG_WARN_SUSPICIOUS_MOVE = YES;
				CLANG_WARN_UNGUARDED_AVAILABILITY = YES_AGGRESSIVE;
				CLANG_WARN_UNREACHABLE_CODE = YES;
				CLANG_WARN__DUPLICATE_METHOD_MATCH = YES;
				COPY_PHASE_STRIP = NO;
				DEBUG_INFORMATION_FORMAT = dwarf;
				ENABLE_STRICT_OBJC_MSGSEND = YES;
				ENABLE_TESTABILITY = YES;
				ENABLE_USER_SCRIPT_SANDBOXING = YES;
				GCC_C_LANGUAGE_STANDARD = gnu17;
				GCC_DYNAMIC_NO_PIC = NO;
				GCC_NO_COMMON_BLOCKS = YES;
				GCC_OPTIMIZATION_LEVEL = 0;
				GCC_PREPROCESSOR_DEFINITIONS = (
					"DEBUG=1",
					"$(inherited)",
				);
				GCC_WARN_64_TO_32_BIT_CONVERSION = YES;
				GCC_WARN_ABOUT_RETURN_TYPE = YES_ERROR;
				GCC_WARN_UNDECLARED_SELECTOR = YES;
				GCC_WARN_UNINITIALIZED_AUTOS = YES_AGGRESSIVE;
				GCC_WARN_UNUSED_FUNCTION = YES;
				GCC_WARN_UNUSED_VARIABLE = YES;
				LOCALIZATION_PREFERS_STRING_CATALOGS = YES;
				MTL_ENABLE_DEBUG_INFO = INCLUDE_SOURCE;
				MTL_FAST_MATH = YES;
				ONLY_ACTIVE_ARCH = YES;
				SWIFT_ACTIVE_COMPILATION_CONDITIONS = "DEBUG $(inherited)";
				SWIFT_OPTIMIZATION_LEVEL = "-Onone";
			};
			name = Debug;
		};
		CDA7DCC02CF092E5003AF17A /* Release */ = {
			isa = XCBuildConfiguration;
			buildSettings = {
				ALWAYS_SEARCH_USER_PATHS = NO;
				ASSETCATALOG_COMPILER_GENERATE_SWIFT_ASSET_SYMBOL_EXTENSIONS = YES;
				CLANG_ANALYZER_NONNULL = YES;
				CLANG_ANALYZER_NUMBER_OBJECT_CONVERSION = YES_AGGRESSIVE;
				CLANG_CXX_LANGUAGE_STANDARD = "gnu++20";
				CLANG_ENABLE_MODULES = YES;
				CLANG_ENABLE_OBJC_ARC = YES;
				CLANG_ENABLE_OBJC_WEAK = YES;
				CLANG_WARN_BLOCK_CAPTURE_AUTORELEASING = YES;
				CLANG_WARN_BOOL_CONVERSION = YES;
				CLANG_WARN_COMMA = YES;
				CLANG_WARN_CONSTANT_CONVERSION = YES;
				CLANG_WARN_DEPRECATED_OBJC_IMPLEMENTATIONS = YES;
				CLANG_WARN_DIRECT_OBJC_ISA_USAGE = YES_ERROR;
				CLANG_WARN_DOCUMENTATION_COMMENTS = YES;
				CLANG_WARN_EMPTY_BODY = YES;
				CLANG_WARN_ENUM_CONVERSION = YES;
				CLANG_WARN_INFINITE_RECURSION = YES;
				CLANG_WARN_INT_CONVERSION = YES;
				CLANG_WARN_NON_LITERAL_NULL_CONVERSION = YES;
				CLANG_WARN_OBJC_IMPLICIT_RETAIN_SELF = YES;
				CLANG_WARN_OBJC_LITERAL_CONVERSION = YES;
				CLANG_WARN_OBJC_ROOT_CLASS = YES_ERROR;
				CLANG_WARN_QUOTED_INCLUDE_IN_FRAMEWORK_HEADER = YES;
				CLANG_WARN_RANGE_LOOP_ANALYSIS = YES;
				CLANG_WARN_STRICT_PROTOTYPES = YES;
				CLANG_WARN_SUSPICIOUS_MOVE = YES;
				CLANG_WARN_UNGUARDED_AVAILABILITY = YES_AGGRESSIVE;
				CLANG_WARN_UNREACHABLE_CODE = YES;
				CLANG_WARN__DUPLICATE_METHOD_MATCH = YES;
				COPY_PHASE_STRIP = NO;
				DEBUG_INFORMATION_FORMAT = "dwarf-with-dsym";
				ENABLE_NS_ASSERTIONS = NO;
				ENABLE_STRICT_OBJC_MSGSEND = YES;
				ENABLE_USER_SCRIPT_SANDBOXING = YES;
				GCC_C_LANGUAGE_STANDARD = gnu17;
				GCC_NO_COMMON_BLOCKS = YES;
				GCC_WARN_64_TO_32_BIT_CONVERSION = YES;
				GCC_WARN_ABOUT_RETURN_TYPE = YES_ERROR;
				GCC_WARN_UNDECLARED_SELECTOR = YES;
				GCC_WARN_UNINITIALIZED_AUTOS = YES_AGGRESSIVE;
				GCC_WARN_UNUSED_FUNCTION = YES;
				GCC_WARN_UNUSED_VARIABLE = YES;
				LOCALIZATION_PREFERS_STRING_CATALOGS = YES;
				MTL_ENABLE_DEBUG_INFO = NO;
				MTL_FAST_MATH = YES;
				SWIFT_COMPILATION_MODE = wholemodule;
			};
			name = Release;
		};
		CDA7DCC22CF092E5003AF17A /* Debug */ = {
			isa = XCBuildConfiguration;
			buildSettings = {
				ASSETCATALOG_COMPILER_APPICON_NAME = AppIcon;
				ASSETCATALOG_COMPILER_GLOBAL_ACCENT_COLOR_NAME = AccentColor;
				CODE_SIGN_ENTITLEMENTS = Cazh/Cazh.entitlements;
				CODE_SIGN_STYLE = Automatic;
				CURRENT_PROJECT_VERSION = 1;
				DEVELOPMENT_ASSET_PATHS = "\"Cazh/Preview Content\"";
				DEVELOPMENT_TEAM = NN3NKG2LXT;
				ENABLE_HARDENED_RUNTIME = YES;
				ENABLE_PREVIEWS = YES;
				GENERATE_INFOPLIST_FILE = YES;
				"INFOPLIST_KEY_UIApplicationSceneManifest_Generation[sdk=iphoneos*]" = YES;
				"INFOPLIST_KEY_UIApplicationSceneManifest_Generation[sdk=iphonesimulator*]" = YES;
				"INFOPLIST_KEY_UIApplicationSupportsIndirectInputEvents[sdk=iphoneos*]" = YES;
				"INFOPLIST_KEY_UIApplicationSupportsIndirectInputEvents[sdk=iphonesimulator*]" = YES;
				"INFOPLIST_KEY_UILaunchScreen_Generation[sdk=iphoneos*]" = YES;
				"INFOPLIST_KEY_UILaunchScreen_Generation[sdk=iphonesimulator*]" = YES;
				"INFOPLIST_KEY_UIStatusBarStyle[sdk=iphoneos*]" = UIStatusBarStyleDefault;
				"INFOPLIST_KEY_UIStatusBarStyle[sdk=iphonesimulator*]" = UIStatusBarStyleDefault;
				INFOPLIST_KEY_UISupportedInterfaceOrientations_iPad = "UIInterfaceOrientationPortrait UIInterfaceOrientationPortraitUpsideDown UIInterfaceOrientationLandscapeLeft UIInterfaceOrientationLandscapeRight";
				INFOPLIST_KEY_UISupportedInterfaceOrientations_iPhone = "UIInterfaceOrientationPortrait UIInterfaceOrientationLandscapeLeft UIInterfaceOrientationLandscapeRight";
				IPHONEOS_DEPLOYMENT_TARGET = 18.1;
				LD_RUNPATH_SEARCH_PATHS = "@executable_path/Frameworks";
				"LD_RUNPATH_SEARCH_PATHS[sdk=macosx*]" = "@executable_path/../Frameworks";
				MACOSX_DEPLOYMENT_TARGET = 15.1;
				MARKETING_VERSION = 1.0;
				PRODUCT_BUNDLE_IDENTIFIER = com.ansapa.Cazh;
				PRODUCT_NAME = "$(TARGET_NAME)";
				SDKROOT = auto;
				SUPPORTED_PLATFORMS = "iphoneos iphonesimulator macosx xros xrsimulator";
				SWIFT_EMIT_LOC_STRINGS = YES;
				SWIFT_VERSION = 5.0;
				TARGETED_DEVICE_FAMILY = "1,2,7";
				XROS_DEPLOYMENT_TARGET = 2.1;
			};
			name = Debug;
		};
		CDA7DCC32CF092E5003AF17A /* Release */ = {
			isa = XCBuildConfiguration;
			buildSettings = {
				ASSETCATALOG_COMPILER_APPICON_NAME = AppIcon;
				ASSETCATALOG_COMPILER_GLOBAL_ACCENT_COLOR_NAME = AccentColor;
				CODE_SIGN_ENTITLEMENTS = Cazh/Cazh.entitlements;
				CODE_SIGN_STYLE = Automatic;
				CURRENT_PROJECT_VERSION = 1;
				DEVELOPMENT_ASSET_PATHS = "\"Cazh/Preview Content\"";
				DEVELOPMENT_TEAM = NN3NKG2LXT;
				ENABLE_HARDENED_RUNTIME = YES;
				ENABLE_PREVIEWS = YES;
				GENERATE_INFOPLIST_FILE = YES;
				"INFOPLIST_KEY_UIApplicationSceneManifest_Generation[sdk=iphoneos*]" = YES;
				"INFOPLIST_KEY_UIApplicationSceneManifest_Generation[sdk=iphonesimulator*]" = YES;
				"INFOPLIST_KEY_UIApplicationSupportsIndirectInputEvents[sdk=iphoneos*]" = YES;
				"INFOPLIST_KEY_UIApplicationSupportsIndirectInputEvents[sdk=iphonesimulator*]" = YES;
				"INFOPLIST_KEY_UILaunchScreen_Generation[sdk=iphoneos*]" = YES;
				"INFOPLIST_KEY_UILaunchScreen_Generation[sdk=iphonesimulator*]" = YES;
				"INFOPLIST_KEY_UIStatusBarStyle[sdk=iphoneos*]" = UIStatusBarStyleDefault;
				"INFOPLIST_KEY_UIStatusBarStyle[sdk=iphonesimulator*]" = UIStatusBarStyleDefault;
				INFOPLIST_KEY_UISupportedInterfaceOrientations_iPad = "UIInterfaceOrientationPortrait UIInterfaceOrientationPortraitUpsideDown UIInterfaceOrientationLandscapeLeft UIInterfaceOrientationLandscapeRight";
				INFOPLIST_KEY_UISupportedInterfaceOrientations_iPhone = "UIInterfaceOrientationPortrait UIInterfaceOrientationLandscapeLeft UIInterfaceOrientationLandscapeRight";
				IPHONEOS_DEPLOYMENT_TARGET = 18.1;
				LD_RUNPATH_SEARCH_PATHS = "@executable_path/Frameworks";
				"LD_RUNPATH_SEARCH_PATHS[sdk=macosx*]" = "@executable_path/../Frameworks";
				MACOSX_DEPLOYMENT_TARGET = 15.1;
				MARKETING_VERSION = 1.0;
				PRODUCT_BUNDLE_IDENTIFIER = com.ansapa.Cazh;
				PRODUCT_NAME = "$(TARGET_NAME)";
				SDKROOT = auto;
				SUPPORTED_PLATFORMS = "iphoneos iphonesimulator macosx xros xrsimulator";
				SWIFT_EMIT_LOC_STRINGS = YES;
				SWIFT_VERSION = 5.0;
				TARGETED_DEVICE_FAMILY = "1,2,7";
				XROS_DEPLOYMENT_TARGET = 2.1;
			};
			name = Release;
		};
		CDA7DCC52CF092E5003AF17A /* Debug */ = {
			isa = XCBuildConfiguration;
			buildSettings = {
				BUNDLE_LOADER = "$(TEST_HOST)";
				CODE_SIGN_STYLE = Automatic;
				CURRENT_PROJECT_VERSION = 1;
				DEVELOPMENT_TEAM = NN3NKG2LXT;
				GENERATE_INFOPLIST_FILE = YES;
				IPHONEOS_DEPLOYMENT_TARGET = 18.1;
				MACOSX_DEPLOYMENT_TARGET = 15.1;
				MARKETING_VERSION = 1.0;
				PRODUCT_BUNDLE_IDENTIFIER = com.ansapa.CazhTests;
				PRODUCT_NAME = "$(TARGET_NAME)";
				SDKROOT = auto;
				SUPPORTED_PLATFORMS = "iphoneos iphonesimulator macosx xros xrsimulator";
				SWIFT_EMIT_LOC_STRINGS = NO;
				SWIFT_VERSION = 5.0;
				TARGETED_DEVICE_FAMILY = "1,2,7";
				TEST_HOST = "$(BUILT_PRODUCTS_DIR)/Cazh.app/$(BUNDLE_EXECUTABLE_FOLDER_PATH)/Cazh";
				XROS_DEPLOYMENT_TARGET = 2.1;
			};
			name = Debug;
		};
		CDA7DCC62CF092E5003AF17A /* Release */ = {
			isa = XCBuildConfiguration;
			buildSettings = {
				BUNDLE_LOADER = "$(TEST_HOST)";
				CODE_SIGN_STYLE = Automatic;
				CURRENT_PROJECT_VERSION = 1;
				DEVELOPMENT_TEAM = NN3NKG2LXT;
				GENERATE_INFOPLIST_FILE = YES;
				IPHONEOS_DEPLOYMENT_TARGET = 18.1;
				MACOSX_DEPLOYMENT_TARGET = 15.1;
				MARKETING_VERSION = 1.0;
				PRODUCT_BUNDLE_IDENTIFIER = com.ansapa.CazhTests;
				PRODUCT_NAME = "$(TARGET_NAME)";
				SDKROOT = auto;
				SUPPORTED_PLATFORMS = "iphoneos iphonesimulator macosx xros xrsimulator";
				SWIFT_EMIT_LOC_STRINGS = NO;
				SWIFT_VERSION = 5.0;
				TARGETED_DEVICE_FAMILY = "1,2,7";
				TEST_HOST = "$(BUILT_PRODUCTS_DIR)/Cazh.app/$(BUNDLE_EXECUTABLE_FOLDER_PATH)/Cazh";
				XROS_DEPLOYMENT_TARGET = 2.1;
			};
			name = Release;
		};
		CDA7DCC82CF092E5003AF17A /* Debug */ = {
			isa = XCBuildConfiguration;
			buildSettings = {
				CODE_SIGN_STYLE = Automatic;
				CURRENT_PROJECT_VERSION = 1;
				DEVELOPMENT_TEAM = NN3NKG2LXT;
				GENERATE_INFOPLIST_FILE = YES;
				IPHONEOS_DEPLOYMENT_TARGET = 18.1;
				MACOSX_DEPLOYMENT_TARGET = 15.1;
				MARKETING_VERSION = 1.0;
				PRODUCT_BUNDLE_IDENTIFIER = com.ansapa.CazhUITests;
				PRODUCT_NAME = "$(TARGET_NAME)";
				SDKROOT = auto;
				SUPPORTED_PLATFORMS = "iphoneos iphonesimulator macosx xros xrsimulator";
				SWIFT_EMIT_LOC_STRINGS = NO;
				SWIFT_VERSION = 5.0;
				TARGETED_DEVICE_FAMILY = "1,2,7";
				TEST_TARGET_NAME = Cazh;
				XROS_DEPLOYMENT_TARGET = 2.1;
			};
			name = Debug;
		};
		CDA7DCC92CF092E5003AF17A /* Release */ = {
			isa = XCBuildConfiguration;
			buildSettings = {
				CODE_SIGN_STYLE = Automatic;
				CURRENT_PROJECT_VERSION = 1;
				DEVELOPMENT_TEAM = NN3NKG2LXT;
				GENERATE_INFOPLIST_FILE = YES;
				IPHONEOS_DEPLOYMENT_TARGET = 18.1;
				MACOSX_DEPLOYMENT_TARGET = 15.1;
				MARKETING_VERSION = 1.0;
				PRODUCT_BUNDLE_IDENTIFIER = com.ansapa.CazhUITests;
				PRODUCT_NAME = "$(TARGET_NAME)";
				SDKROOT = auto;
				SUPPORTED_PLATFORMS = "iphoneos iphonesimulator macosx xros xrsimulator";
				SWIFT_EMIT_LOC_STRINGS = NO;
				SWIFT_VERSION = 5.0;
				TARGETED_DEVICE_FAMILY = "1,2,7";
				TEST_TARGET_NAME = Cazh;
				XROS_DEPLOYMENT_TARGET = 2.1;
			};
			name = Release;
		};
/* End XCBuildConfiguration section */

/* Begin XCConfigurationList section */
		CDA7DC972CF092E4003AF17A /* Build configuration list for PBXProject "Cazh" */ = {
			isa = XCConfigurationList;
			buildConfigurations = (
				CDA7DCBF2CF092E5003AF17A /* Debug */,
				CDA7DCC02CF092E5003AF17A /* Release */,
			);
			defaultConfigurationIsVisible = 0;
			defaultConfigurationName = Release;
		};
		CDA7DCC12CF092E5003AF17A /* Build configuration list for PBXNativeTarget "Cazh" */ = {
			isa = XCConfigurationList;
			buildConfigurations = (
				CDA7DCC22CF092E5003AF17A /* Debug */,
				CDA7DCC32CF092E5003AF17A /* Release */,
			);
			defaultConfigurationIsVisible = 0;
			defaultConfigurationName = Release;
		};
		CDA7DCC42CF092E5003AF17A /* Build configuration list for PBXNativeTarget "CazhTests" */ = {
			isa = XCConfigurationList;
			buildConfigurations = (
				CDA7DCC52CF092E5003AF17A /* Debug */,
				CDA7DCC62CF092E5003AF17A /* Release */,
			);
			defaultConfigurationIsVisible = 0;
			defaultConfigurationName = Release;
		};
		CDA7DCC72CF092E5003AF17A /* Build configuration list for PBXNativeTarget "CazhUITests" */ = {
			isa = XCConfigurationList;
			buildConfigurations = (
				CDA7DCC82CF092E5003AF17A /* Debug */,
				CDA7DCC92CF092E5003AF17A /* Release */,
			);
			defaultConfigurationIsVisible = 0;
			defaultConfigurationName = Release;
		};
/* End XCConfigurationList section */
	};
	rootObject = CDA7DC942CF092E4003AF17A /* Project object */;
}
